github.com/VilimRoller/Basic-CRUD/utils v0.0.0-20230622124916-254a70c0994c h1:cUX+L2pj+h14bt5qp8vEAHdoxKVFJvBtDqeqTfdCKu0=
github.com/VilimRoller/Basic-CRUD/utils v0.0.0-20230622124916-254a70c0994c/go.mod h1:gYXZ4uvL6L1hbxZ5q/ouh7t6n2Wx9+OXpOEBku9VACg=
github.com/go-redis/redis v6.15.9+incompatible h1:K0pv1D7EQUjfyoMql+r/jZqCLizCGKFlFgcHWWmHQjg=
github.com/go-redis/redis v6.15.9+incompatible/go.mod h1:NAIEuMOZ/fxfXJIrKDQDz8wamY7mA7PouImQ2Jvg6kA=
